
Microsoft Visual Studio Solution File, Format Version 12.00
# Visual Studio Version 17
VisualStudioVersion = 17.10.34825.169
MinimumVisualStudioVersion = 10.0.40219.1
Project("{8BC9CEB8-8B4A-11D0-8D11-00A0C91BC942}") = "Chess", "Chess\Chess.vcxproj", "{5C52427D-B579-47B1-BB07-769E5F4DEAB6}"
	ProjectSection(ProjectDependencies) = postProject
		{45F8F23D-C405-405B-93B2-BC2461158049} = {45F8F23D-C405-405B-93B2-BC2461158049}
	EndProjectSection
EndProject
Project("{8BC9CEB8-8B4A-11D0-8D11-00A0C91BC942}") = "OpenCL test", "Chess\Open CL\OpenCL test.vcxproj", "{45F8F23D-C405-405B-93B2-BC2461158049}"
EndProject
Project("{8BC9CEB8-8B4A-11D0-8D11-00A0C91BC942}") = "NeuralNetwork", "NeuralNetwork\NeuralNetwork.vcxproj", "{2CEA0640-977E-4FC0-AE64-45BF72BEA9E0}"
EndProject
Global
	GlobalSection(SolutionConfigurationPlatforms) = preSolution
		Debug|x64 = Debug|x64
		Debug|x86 = Debug|x86
		Release|x64 = Release|x64
		Release|x86 = Release|x86
	EndGlobalSection
	GlobalSection(ProjectConfigurationPlatforms) = postSolution
		{5C52427D-B579-47B1-BB07-769E5F4DEAB6}.Debug|x64.ActiveCfg = Debug|x64
		{5C52427D-B579-47B1-BB07-769E5F4DEAB6}.Debug|x64.Build.0 = Debug|x64
		{5C52427D-B579-47B1-BB07-769E5F4DEAB6}.Debug|x86.ActiveCfg = Debug|Win32
		{5C52427D-B579-47B1-BB07-769E5F4DEAB6}.Debug|x86.Build.0 = Debug|Win32
		{5C52427D-B579-47B1-BB07-769E5F4DEAB6}.Release|x64.ActiveCfg = Release|x64
		{5C52427D-B579-47B1-BB07-769E5F4DEAB6}.Release|x64.Build.0 = Release|x64
		{5C52427D-B579-47B1-BB07-769E5F4DEAB6}.Release|x86.ActiveCfg = Release|Win32
		{5C52427D-B579-47B1-BB07-769E5F4DEAB6}.Release|x86.Build.0 = Release|Win32
		{45F8F23D-C405-405B-93B2-BC2461158049}.Debug|x64.ActiveCfg = Debug|x64
		{45F8F23D-C405-405B-93B2-BC2461158049}.Debug|x64.Build.0 = Debug|x64
		{45F8F23D-C405-405B-93B2-BC2461158049}.Debug|x86.ActiveCfg = Debug|Win32
		{45F8F23D-C405-405B-93B2-BC2461158049}.Debug|x86.Build.0 = Debug|Win32
		{45F8F23D-C405-405B-93B2-BC2461158049}.Release|x64.ActiveCfg = Release|x64
		{45F8F23D-C405-405B-93B2-BC2461158049}.Release|x64.Build.0 = Release|x64
		{45F8F23D-C405-405B-93B2-BC2461158049}.Release|x86.ActiveCfg = Release|Win32
		{45F8F23D-C405-405B-93B2-BC2461158049}.Release|x86.Build.0 = Release|Win32
		{2CEA0640-977E-4FC0-AE64-45BF72BEA9E0}.Debug|x64.ActiveCfg = Debug|x64
		{2CEA0640-977E-4FC0-AE64-45BF72BEA9E0}.Debug|x64.Build.0 = Debug|x64
		{2CEA0640-977E-4FC0-AE64-45BF72BEA9E0}.Debug|x86.ActiveCfg = Debug|Win32
		{2CEA0640-977E-4FC0-AE64-45BF72BEA9E0}.Debug|x86.Build.0 = Debug|Win32
		{2CEA0640-977E-4FC0-AE64-45BF72BEA9E0}.Release|x64.ActiveCfg = Release|x64
		{2CEA0640-977E-4FC0-AE64-45BF72BEA9E0}.Release|x64.Build.0 = Release|x64
		{2CEA0640-977E-4FC0-AE64-45BF72BEA9E0}.Release|x86.ActiveCfg = Release|Win32
		{2CEA0640-977E-4FC0-AE64-45BF72BEA9E0}.Release|x86.Build.0 = Release|Win32
	EndGlobalSection
	GlobalSection(SolutionProperties) = preSolution
		HideSolutionNode = FALSE
	EndGlobalSection
	GlobalSection(ExtensibilityGlobals) = postSolution
		SolutionGuid = {559B426D-CB50-438B-9554-E1463B8D9A75}
	EndGlobalSection
EndGlobal
